
Microsoft Visual Studio Solution File, Format Version 12.00
# Visual Studio Version 17
VisualStudioVersion = 17.4.33213.308
MinimumVisualStudioVersion = 10.0.40219.1
Project("{9A19103F-16F7-4668-BE54-9A1E7A4F7556}") = "WebApplication1", "WebApplication1\WebApplication1.csproj", "{BA2D9E10-9DBD-40A7-B9DF-4B60C8D0695F}"
EndProject
Project("{9A19103F-16F7-4668-BE54-9A1E7A4F7556}") = "UniversityApi.API", "UniversityApi.API\UniversityApi.API.csproj", "{189FC892-1794-487F-949C-693B884CC277}"
EndProject
Project("{9A19103F-16F7-4668-BE54-9A1E7A4F7556}") = "ApiDtoLibrary", "ApiDtoLibrary\ApiDtoLibrary.csproj", "{6C75219C-0B04-4104-8628-FE32368C8705}"
EndProject
Project("{9A19103F-16F7-4668-BE54-9A1E7A4F7556}") = "GrpcService", "GrpcService\GrpcService.csproj", "{3488BB57-EC66-45E9-ACBC-114826A5B708}"
EndProject
Project("{E53339B2-1760-4266-BCC7-CA923CBCF16C}") = "docker-compose", "docker-compose.dcproj", "{AF705406-1AB6-42B4-B0DC-567463ADCEA1}"
EndProject
Global
	GlobalSection(SolutionConfigurationPlatforms) = preSolution
		Debug|Any CPU = Debug|Any CPU
		Release|Any CPU = Release|Any CPU
	EndGlobalSection
	GlobalSection(ProjectConfigurationPlatforms) = postSolution
		{BA2D9E10-9DBD-40A7-B9DF-4B60C8D0695F}.Debug|Any CPU.ActiveCfg = Debug|Any CPU
		{BA2D9E10-9DBD-40A7-B9DF-4B60C8D0695F}.Debug|Any CPU.Build.0 = Debug|Any CPU
		{BA2D9E10-9DBD-40A7-B9DF-4B60C8D0695F}.Release|Any CPU.ActiveCfg = Release|Any CPU
		{BA2D9E10-9DBD-40A7-B9DF-4B60C8D0695F}.Release|Any CPU.Build.0 = Release|Any CPU
		{189FC892-1794-487F-949C-693B884CC277}.Debug|Any CPU.ActiveCfg = Debug|Any CPU
		{189FC892-1794-487F-949C-693B884CC277}.Debug|Any CPU.Build.0 = Debug|Any CPU
		{189FC892-1794-487F-949C-693B884CC277}.Release|Any CPU.ActiveCfg = Release|Any CPU
		{189FC892-1794-487F-949C-693B884CC277}.Release|Any CPU.Build.0 = Release|Any CPU
		{6C75219C-0B04-4104-8628-FE32368C8705}.Debug|Any CPU.ActiveCfg = Debug|Any CPU
		{6C75219C-0B04-4104-8628-FE32368C8705}.Debug|Any CPU.Build.0 = Debug|Any CPU
		{6C75219C-0B04-4104-8628-FE32368C8705}.Release|Any CPU.ActiveCfg = Release|Any CPU
		{6C75219C-0B04-4104-8628-FE32368C8705}.Release|Any CPU.Build.0 = Release|Any CPU
		{3488BB57-EC66-45E9-ACBC-114826A5B708}.Debug|Any CPU.ActiveCfg = Debug|Any CPU
		{3488BB57-EC66-45E9-ACBC-114826A5B708}.Debug|Any CPU.Build.0 = Debug|Any CPU
		{3488BB57-EC66-45E9-ACBC-114826A5B708}.Release|Any CPU.ActiveCfg = Release|Any CPU
		{3488BB57-EC66-45E9-ACBC-114826A5B708}.Release|Any CPU.Build.0 = Release|Any CPU
		{AF705406-1AB6-42B4-B0DC-567463ADCEA1}.Debug|Any CPU.ActiveCfg = Debug|Any CPU
		{AF705406-1AB6-42B4-B0DC-567463ADCEA1}.Debug|Any CPU.Build.0 = Debug|Any CPU
		{AF705406-1AB6-42B4-B0DC-567463ADCEA1}.Release|Any CPU.ActiveCfg = Release|Any CPU
		{AF705406-1AB6-42B4-B0DC-567463ADCEA1}.Release|Any CPU.Build.0 = Release|Any CPU
	EndGlobalSection
	GlobalSection(SolutionProperties) = preSolution
		HideSolutionNode = FALSE
	EndGlobalSection
	GlobalSection(ExtensibilityGlobals) = postSolution
		SolutionGuid = {21B649EA-5809-45B1-B6DF-02E76ABA3A8B}
	EndGlobalSection
EndGlobal
